
Microsoft Visual Studio Solution File, Format Version 12.00
# Visual Studio Version 17
VisualStudioVersion = 17.11.35303.130
MinimumVisualStudioVersion = 10.0.40219.1
Project("{9A19103F-16F7-4668-BE54-9A1E7A4F7556}") = "OOP", "OOP\OOP.csproj", "{82C39DA3-82B3-402B-8703-1754C642A24E}"
EndProject
Project("{9A19103F-16F7-4668-BE54-9A1E7A4F7556}") = "Osnovi", "Osnovi\Osnovi.csproj", "{6C1C321A-3634-47ED-AA3D-965535C29AE1}"
EndProject
Project("{9A19103F-16F7-4668-BE54-9A1E7A4F7556}") = "KlassiObecti", "KlassiObecti\KlassiObecti.csproj", "{0B1476BE-2E5F-470E-A66B-6AA9084E4D3F}"
EndProject
Project("{9A19103F-16F7-4668-BE54-9A1E7A4F7556}") = "Lesson3.UpravlenieDostupom", "Lesson3.UpravlenieDostupom\Lesson3.UpravlenieDostupom.csproj", "{1AF81F32-134B-48A6-8AD1-7DB3CC44D68A}"
EndProject
Project("{9A19103F-16F7-4668-BE54-9A1E7A4F7556}") = "Lesson4.Indexatori", "Lesson4.Indexatori\Lesson4.Indexatori.csproj", "{81593442-53DC-4F86-9CDB-FF644FD84787}"
EndProject
Project("{9A19103F-16F7-4668-BE54-9A1E7A4F7556}") = "Lesson6Static", "Lesson6Static\Lesson6Static.csproj", "{1EC1F32C-5A81-40A2-98B3-44F08FD08B52}"
EndProject
Project("{FAE04EC0-301F-11D3-BF4B-00C04F79EFBC}") = "Lesson9Nasledovanie", "Lesson9Nasledovanie\Lesson9Nasledovanie.csproj", "{BEFAC27D-0802-404A-A8C9-018268A7A95D}"
EndProject
Project("{FAE04EC0-301F-11D3-BF4B-00C04F79EFBC}") = "Lesson10VirtualMethod", "Lesson10VirtualMethod\Lesson10VirtualMethod.csproj", "{2C35F39C-4A78-47AF-8CCD-7FF5399D8249}"
EndProject
Global
	GlobalSection(SolutionConfigurationPlatforms) = preSolution
		Debug|Any CPU = Debug|Any CPU
		Release|Any CPU = Release|Any CPU
	EndGlobalSection
	GlobalSection(ProjectConfigurationPlatforms) = postSolution
		{82C39DA3-82B3-402B-8703-1754C642A24E}.Debug|Any CPU.ActiveCfg = Debug|Any CPU
		{82C39DA3-82B3-402B-8703-1754C642A24E}.Debug|Any CPU.Build.0 = Debug|Any CPU
		{82C39DA3-82B3-402B-8703-1754C642A24E}.Release|Any CPU.ActiveCfg = Release|Any CPU
		{82C39DA3-82B3-402B-8703-1754C642A24E}.Release|Any CPU.Build.0 = Release|Any CPU
		{6C1C321A-3634-47ED-AA3D-965535C29AE1}.Debug|Any CPU.ActiveCfg = Debug|Any CPU
		{6C1C321A-3634-47ED-AA3D-965535C29AE1}.Debug|Any CPU.Build.0 = Debug|Any CPU
		{6C1C321A-3634-47ED-AA3D-965535C29AE1}.Release|Any CPU.ActiveCfg = Release|Any CPU
		{6C1C321A-3634-47ED-AA3D-965535C29AE1}.Release|Any CPU.Build.0 = Release|Any CPU
		{0B1476BE-2E5F-470E-A66B-6AA9084E4D3F}.Debug|Any CPU.ActiveCfg = Debug|Any CPU
		{0B1476BE-2E5F-470E-A66B-6AA9084E4D3F}.Debug|Any CPU.Build.0 = Debug|Any CPU
		{0B1476BE-2E5F-470E-A66B-6AA9084E4D3F}.Release|Any CPU.ActiveCfg = Release|Any CPU
		{0B1476BE-2E5F-470E-A66B-6AA9084E4D3F}.Release|Any CPU.Build.0 = Release|Any CPU
		{1AF81F32-134B-48A6-8AD1-7DB3CC44D68A}.Debug|Any CPU.ActiveCfg = Debug|Any CPU
		{1AF81F32-134B-48A6-8AD1-7DB3CC44D68A}.Debug|Any CPU.Build.0 = Debug|Any CPU
		{1AF81F32-134B-48A6-8AD1-7DB3CC44D68A}.Release|Any CPU.ActiveCfg = Release|Any CPU
		{1AF81F32-134B-48A6-8AD1-7DB3CC44D68A}.Release|Any CPU.Build.0 = Release|Any CPU
		{81593442-53DC-4F86-9CDB-FF644FD84787}.Debug|Any CPU.ActiveCfg = Debug|Any CPU
		{81593442-53DC-4F86-9CDB-FF644FD84787}.Debug|Any CPU.Build.0 = Debug|Any CPU
		{81593442-53DC-4F86-9CDB-FF644FD84787}.Release|Any CPU.ActiveCfg = Release|Any CPU
		{81593442-53DC-4F86-9CDB-FF644FD84787}.Release|Any CPU.Build.0 = Release|Any CPU
		{1EC1F32C-5A81-40A2-98B3-44F08FD08B52}.Debug|Any CPU.ActiveCfg = Debug|Any CPU
		{1EC1F32C-5A81-40A2-98B3-44F08FD08B52}.Debug|Any CPU.Build.0 = Debug|Any CPU
		{1EC1F32C-5A81-40A2-98B3-44F08FD08B52}.Release|Any CPU.ActiveCfg = Release|Any CPU
		{1EC1F32C-5A81-40A2-98B3-44F08FD08B52}.Release|Any CPU.Build.0 = Release|Any CPU
		{BEFAC27D-0802-404A-A8C9-018268A7A95D}.Debug|Any CPU.ActiveCfg = Debug|Any CPU
		{BEFAC27D-0802-404A-A8C9-018268A7A95D}.Debug|Any CPU.Build.0 = Debug|Any CPU
		{BEFAC27D-0802-404A-A8C9-018268A7A95D}.Release|Any CPU.ActiveCfg = Release|Any CPU
		{BEFAC27D-0802-404A-A8C9-018268A7A95D}.Release|Any CPU.Build.0 = Release|Any CPU
		{2C35F39C-4A78-47AF-8CCD-7FF5399D8249}.Debug|Any CPU.ActiveCfg = Debug|Any CPU
		{2C35F39C-4A78-47AF-8CCD-7FF5399D8249}.Debug|Any CPU.Build.0 = Debug|Any CPU
		{2C35F39C-4A78-47AF-8CCD-7FF5399D8249}.Release|Any CPU.ActiveCfg = Release|Any CPU
		{2C35F39C-4A78-47AF-8CCD-7FF5399D8249}.Release|Any CPU.Build.0 = Release|Any CPU
	EndGlobalSection
	GlobalSection(SolutionProperties) = preSolution
		HideSolutionNode = FALSE
	EndGlobalSection
	GlobalSection(ExtensibilityGlobals) = postSolution
		SolutionGuid = {84FC1F4E-5BBD-4F53-A551-1A0095B7BB01}
	EndGlobalSection
EndGlobal
